
Microsoft Visual Studio Solution File, Format Version 12.00
# Visual Studio Version 17
VisualStudioVersion = 17.3.32929.385
MinimumVisualStudioVersion = 10.0.40219.1
Project("{FAE04EC0-301F-11D3-BF4B-00C04F79EFBC}") = "WindowsFormsApp1", "WindowsFormsApp1\WindowsFormsApp1.csproj", "{9431E400-539C-4989-92B9-E4C389C2A77E}"
EndProject
Project("{FAE04EC0-301F-11D3-BF4B-00C04F79EFBC}") = "ClassLibrary1", "ClassLibrary1\ClassLibrary1.csproj", "{1A59ACB3-0BE8-4168-90AD-5828DFC621D0}"
EndProject
Global
	GlobalSection(SolutionConfigurationPlatforms) = preSolution
		Debug|Any CPU = Debug|Any CPU
		Release|Any CPU = Release|Any CPU
	EndGlobalSection
	GlobalSection(ProjectConfigurationPlatforms) = postSolution
		{9431E400-539C-4989-92B9-E4C389C2A77E}.Debug|Any CPU.ActiveCfg = Debug|Any CPU
		{9431E400-539C-4989-92B9-E4C389C2A77E}.Debug|Any CPU.Build.0 = Debug|Any CPU
		{9431E400-539C-4989-92B9-E4C389C2A77E}.Release|Any CPU.ActiveCfg = Release|Any CPU
		{9431E400-539C-4989-92B9-E4C389C2A77E}.Release|Any CPU.Build.0 = Release|Any CPU
		{1A59ACB3-0BE8-4168-90AD-5828DFC621D0}.Debug|Any CPU.ActiveCfg = Debug|Any CPU
		{1A59ACB3-0BE8-4168-90AD-5828DFC621D0}.Debug|Any CPU.Build.0 = Debug|Any CPU
		{1A59ACB3-0BE8-4168-90AD-5828DFC621D0}.Release|Any CPU.ActiveCfg = Release|Any CPU
		{1A59ACB3-0BE8-4168-90AD-5828DFC621D0}.Release|Any CPU.Build.0 = Release|Any CPU
	EndGlobalSection
	GlobalSection(SolutionProperties) = preSolution
		HideSolutionNode = FALSE
	EndGlobalSection
	GlobalSection(ExtensibilityGlobals) = postSolution
		SolutionGuid = {B0C6B8AB-F67C-4E64-BDE7-93F14FCE2832}
	EndGlobalSection
EndGlobal
